
Microsoft Visual Studio Solution File, Format Version 12.00
# Visual Studio Version 17
VisualStudioVersion = 17.0.31903.59
MinimumVisualStudioVersion = 10.0.40219.1
Project("{2150E333-8FDC-42A3-9474-1A3956D46DE8}") = "src", "src", "{C900A5E8-AA6D-4692-9345-8C213274ED7E}"
EndProject
Project("{FAE04EC0-301F-11D3-BF4B-00C04F79EFBC}") = "Mlcp.Application", "src\Mlcp.Application\Mlcp.Application.csproj", "{44E725AD-4FD3-4DB1-A4A2-B8BAE73A718F}"
EndProject
Project("{FAE04EC0-301F-11D3-BF4B-00C04F79EFBC}") = "Mlcp.Domain", "src\Mlcp.Domain\Mlcp.Domain.csproj", "{02D84148-ACFB-4B1B-9BBA-8F6AAC4C74FC}"
EndProject
Project("{FAE04EC0-301F-11D3-BF4B-00C04F79EFBC}") = "Mlcp.Integration.Azure", "src\Mlcp.Integration.Azure\Mlcp.Integration.Azure.csproj", "{28E320CE-E7C0-4853-8BAB-0C46B5317EDC}"
EndProject
Project("{FAE04EC0-301F-11D3-BF4B-00C04F79EFBC}") = "Mlcp.Integration.Graph", "src\Mlcp.Integration.Graph\Mlcp.Integration.Graph.csproj", "{C590DC99-4F7D-4125-A2BD-3D3DCC3BB717}"
EndProject
Project("{FAE04EC0-301F-11D3-BF4B-00C04F79EFBC}") = "Mlcp.Integration.Partner", "src\Mlcp.Integration.Partner\Mlcp.Integration.Partner.csproj", "{8265ADEA-4747-4DAE-B836-E54510A0C50A}"
EndProject
Project("{FAE04EC0-301F-11D3-BF4B-00C04F79EFBC}") = "Mlcp.Persistence", "src\Mlcp.Persistence\Mlcp.Persistence.csproj", "{C310562B-5263-4563-A629-55634706EBD0}"
EndProject
Project("{FAE04EC0-301F-11D3-BF4B-00C04F79EFBC}") = "Mlcp.Shared", "src\Mlcp.Shared\Mlcp.Shared.csproj", "{485E1410-6479-4B48-955B-0DC6B0DB7E05}"
EndProject
Project("{FAE04EC0-301F-11D3-BF4B-00C04F79EFBC}") = "Mlcp.Sync", "src\Mlcp.Sync\Mlcp.Sync.csproj", "{4AD3B5C5-79B6-4D40-A53A-A56D6E6AD63F}"
EndProject
Project("{FAE04EC0-301F-11D3-BF4B-00C04F79EFBC}") = "Mlcp.Web", "src\Mlcp.Web\Mlcp.Web.csproj", "{F7A1A355-0569-45EF-B158-CFB4EDA7FB85}"
EndProject
Project("{2150E333-8FDC-42A3-9474-1A3956D46DE8}") = "tests", "tests", "{CE9F1978-9889-4158-BAD9-E988882D034E}"
EndProject
Project("{FAE04EC0-301F-11D3-BF4B-00C04F79EFBC}") = "Mlcp.IntegrationTests", "tests\Mlcp.IntegrationTests\Mlcp.IntegrationTests.csproj", "{FFB3E190-CC47-43C2-A7BF-6F603ECE29A2}"
EndProject
Project("{FAE04EC0-301F-11D3-BF4B-00C04F79EFBC}") = "Mlcp.UnitTests", "tests\Mlcp.UnitTests\Mlcp.UnitTests.csproj", "{E57CB06A-76F6-4A71-80F8-9E48B99C2DD9}"
EndProject
Global
	GlobalSection(SolutionConfigurationPlatforms) = preSolution
		Debug|Any CPU = Debug|Any CPU
		Release|Any CPU = Release|Any CPU
	EndGlobalSection
	GlobalSection(SolutionProperties) = preSolution
		HideSolutionNode = FALSE
	EndGlobalSection
	GlobalSection(ProjectConfigurationPlatforms) = postSolution
		{44E725AD-4FD3-4DB1-A4A2-B8BAE73A718F}.Debug|Any CPU.ActiveCfg = Debug|Any CPU
		{44E725AD-4FD3-4DB1-A4A2-B8BAE73A718F}.Debug|Any CPU.Build.0 = Debug|Any CPU
		{44E725AD-4FD3-4DB1-A4A2-B8BAE73A718F}.Release|Any CPU.ActiveCfg = Release|Any CPU
		{44E725AD-4FD3-4DB1-A4A2-B8BAE73A718F}.Release|Any CPU.Build.0 = Release|Any CPU
		{02D84148-ACFB-4B1B-9BBA-8F6AAC4C74FC}.Debug|Any CPU.ActiveCfg = Debug|Any CPU
		{02D84148-ACFB-4B1B-9BBA-8F6AAC4C74FC}.Debug|Any CPU.Build.0 = Debug|Any CPU
		{02D84148-ACFB-4B1B-9BBA-8F6AAC4C74FC}.Release|Any CPU.ActiveCfg = Release|Any CPU
		{02D84148-ACFB-4B1B-9BBA-8F6AAC4C74FC}.Release|Any CPU.Build.0 = Release|Any CPU
		{28E320CE-E7C0-4853-8BAB-0C46B5317EDC}.Debug|Any CPU.ActiveCfg = Debug|Any CPU
		{28E320CE-E7C0-4853-8BAB-0C46B5317EDC}.Debug|Any CPU.Build.0 = Debug|Any CPU
		{28E320CE-E7C0-4853-8BAB-0C46B5317EDC}.Release|Any CPU.ActiveCfg = Release|Any CPU
		{28E320CE-E7C0-4853-8BAB-0C46B5317EDC}.Release|Any CPU.Build.0 = Release|Any CPU
		{C590DC99-4F7D-4125-A2BD-3D3DCC3BB717}.Debug|Any CPU.ActiveCfg = Debug|Any CPU
		{C590DC99-4F7D-4125-A2BD-3D3DCC3BB717}.Debug|Any CPU.Build.0 = Debug|Any CPU
		{C590DC99-4F7D-4125-A2BD-3D3DCC3BB717}.Release|Any CPU.ActiveCfg = Release|Any CPU
		{C590DC99-4F7D-4125-A2BD-3D3DCC3BB717}.Release|Any CPU.Build.0 = Release|Any CPU
		{8265ADEA-4747-4DAE-B836-E54510A0C50A}.Debug|Any CPU.ActiveCfg = Debug|Any CPU
		{8265ADEA-4747-4DAE-B836-E54510A0C50A}.Debug|Any CPU.Build.0 = Debug|Any CPU
		{8265ADEA-4747-4DAE-B836-E54510A0C50A}.Release|Any CPU.ActiveCfg = Release|Any CPU
		{8265ADEA-4747-4DAE-B836-E54510A0C50A}.Release|Any CPU.Build.0 = Release|Any CPU
		{C310562B-5263-4563-A629-55634706EBD0}.Debug|Any CPU.ActiveCfg = Debug|Any CPU
		{C310562B-5263-4563-A629-55634706EBD0}.Debug|Any CPU.Build.0 = Debug|Any CPU
		{C310562B-5263-4563-A629-55634706EBD0}.Release|Any CPU.ActiveCfg = Release|Any CPU
		{C310562B-5263-4563-A629-55634706EBD0}.Release|Any CPU.Build.0 = Release|Any CPU
		{485E1410-6479-4B48-955B-0DC6B0DB7E05}.Debug|Any CPU.ActiveCfg = Debug|Any CPU
		{485E1410-6479-4B48-955B-0DC6B0DB7E05}.Debug|Any CPU.Build.0 = Debug|Any CPU
		{485E1410-6479-4B48-955B-0DC6B0DB7E05}.Release|Any CPU.ActiveCfg = Release|Any CPU
		{485E1410-6479-4B48-955B-0DC6B0DB7E05}.Release|Any CPU.Build.0 = Release|Any CPU
		{4AD3B5C5-79B6-4D40-A53A-A56D6E6AD63F}.Debug|Any CPU.ActiveCfg = Debug|Any CPU
		{4AD3B5C5-79B6-4D40-A53A-A56D6E6AD63F}.Debug|Any CPU.Build.0 = Debug|Any CPU
		{4AD3B5C5-79B6-4D40-A53A-A56D6E6AD63F}.Release|Any CPU.ActiveCfg = Release|Any CPU
		{4AD3B5C5-79B6-4D40-A53A-A56D6E6AD63F}.Release|Any CPU.Build.0 = Release|Any CPU
		{F7A1A355-0569-45EF-B158-CFB4EDA7FB85}.Debug|Any CPU.ActiveCfg = Debug|Any CPU
		{F7A1A355-0569-45EF-B158-CFB4EDA7FB85}.Debug|Any CPU.Build.0 = Debug|Any CPU
		{F7A1A355-0569-45EF-B158-CFB4EDA7FB85}.Release|Any CPU.ActiveCfg = Release|Any CPU
		{F7A1A355-0569-45EF-B158-CFB4EDA7FB85}.Release|Any CPU.Build.0 = Release|Any CPU
		{FFB3E190-CC47-43C2-A7BF-6F603ECE29A2}.Debug|Any CPU.ActiveCfg = Debug|Any CPU
		{FFB3E190-CC47-43C2-A7BF-6F603ECE29A2}.Debug|Any CPU.Build.0 = Debug|Any CPU
		{FFB3E190-CC47-43C2-A7BF-6F603ECE29A2}.Release|Any CPU.ActiveCfg = Release|Any CPU
		{FFB3E190-CC47-43C2-A7BF-6F603ECE29A2}.Release|Any CPU.Build.0 = Release|Any CPU
		{E57CB06A-76F6-4A71-80F8-9E48B99C2DD9}.Debug|Any CPU.ActiveCfg = Debug|Any CPU
		{E57CB06A-76F6-4A71-80F8-9E48B99C2DD9}.Debug|Any CPU.Build.0 = Debug|Any CPU
		{E57CB06A-76F6-4A71-80F8-9E48B99C2DD9}.Release|Any CPU.ActiveCfg = Release|Any CPU
		{E57CB06A-76F6-4A71-80F8-9E48B99C2DD9}.Release|Any CPU.Build.0 = Release|Any CPU
	EndGlobalSection
	GlobalSection(NestedProjects) = preSolution
		{44E725AD-4FD3-4DB1-A4A2-B8BAE73A718F} = {C900A5E8-AA6D-4692-9345-8C213274ED7E}
		{02D84148-ACFB-4B1B-9BBA-8F6AAC4C74FC} = {C900A5E8-AA6D-4692-9345-8C213274ED7E}
		{28E320CE-E7C0-4853-8BAB-0C46B5317EDC} = {C900A5E8-AA6D-4692-9345-8C213274ED7E}
		{C590DC99-4F7D-4125-A2BD-3D3DCC3BB717} = {C900A5E8-AA6D-4692-9345-8C213274ED7E}
		{8265ADEA-4747-4DAE-B836-E54510A0C50A} = {C900A5E8-AA6D-4692-9345-8C213274ED7E}
		{C310562B-5263-4563-A629-55634706EBD0} = {C900A5E8-AA6D-4692-9345-8C213274ED7E}
		{485E1410-6479-4B48-955B-0DC6B0DB7E05} = {C900A5E8-AA6D-4692-9345-8C213274ED7E}
		{4AD3B5C5-79B6-4D40-A53A-A56D6E6AD63F} = {C900A5E8-AA6D-4692-9345-8C213274ED7E}
		{F7A1A355-0569-45EF-B158-CFB4EDA7FB85} = {C900A5E8-AA6D-4692-9345-8C213274ED7E}
		{FFB3E190-CC47-43C2-A7BF-6F603ECE29A2} = {CE9F1978-9889-4158-BAD9-E988882D034E}
		{E57CB06A-76F6-4A71-80F8-9E48B99C2DD9} = {CE9F1978-9889-4158-BAD9-E988882D034E}
	EndGlobalSection
EndGlobal
